
Microsoft Visual Studio Solution File, Format Version 12.00
# Visual Studio 15
VisualStudioVersion = 15.0.26228.4
MinimumVisualStudioVersion = 10.0.40219.1
Project("{FAE04EC0-301F-11D3-BF4B-00C04F79EFBC}") = "Fairmas.PickupTracking.TheApp", "Fairmas.PickupTracking.TheApp\Fairmas.PickupTracking.TheApp\Fairmas.PickupTracking.TheApp.csproj", "{4AFE5D4F-B2BB-43B2-AC3D-8D8F896FD48D}"
EndProject
Project("{FAE04EC0-301F-11D3-BF4B-00C04F79EFBC}") = "Fairmas.PickupTracking.TheApp.Droid", "Fairmas.PickupTracking.TheApp\Fairmas.PickupTracking.TheApp.Droid\Fairmas.PickupTracking.TheApp.Droid.csproj", "{DC0B98D9-0B7D-420A-9240-590FABE118CC}"
EndProject
Project("{FAE04EC0-301F-11D3-BF4B-00C04F79EFBC}") = "Fairmas.PickupTracking.TheApp.iOS", "Fairmas.PickupTracking.TheApp\Fairmas.PickupTracking.TheApp.iOS\Fairmas.PickupTracking.TheApp.iOS.csproj", "{AAC9B9C7-596D-4FBC-9878-BD9AB77DBA56}"
EndProject
Project("{FAE04EC0-301F-11D3-BF4B-00C04F79EFBC}") = "Fairmas.PickupTracking.Shared", "..\Shared\Fairmas.PickupTracking.Shared\Fairmas.PickupTracking.Shared.csproj", "{C24B2041-F095-4850-B87F-D19034752B8D}"
EndProject
Global
	GlobalSection(SolutionConfigurationPlatforms) = preSolution
		Ad-Hoc|Any CPU = Ad-Hoc|Any CPU
		Ad-Hoc|ARM = Ad-Hoc|ARM
		Ad-Hoc|iPhone = Ad-Hoc|iPhone
		Ad-Hoc|iPhoneSimulator = Ad-Hoc|iPhoneSimulator
		Ad-Hoc|x64 = Ad-Hoc|x64
		Ad-Hoc|x86 = Ad-Hoc|x86
		AppStore|Any CPU = AppStore|Any CPU
		AppStore|ARM = AppStore|ARM
		AppStore|iPhone = AppStore|iPhone
		AppStore|iPhoneSimulator = AppStore|iPhoneSimulator
		AppStore|x64 = AppStore|x64
		AppStore|x86 = AppStore|x86
		Debug|Any CPU = Debug|Any CPU
		Debug|ARM = Debug|ARM
		Debug|iPhone = Debug|iPhone
		Debug|iPhoneSimulator = Debug|iPhoneSimulator
		Debug|x64 = Debug|x64
		Debug|x86 = Debug|x86
		Release|Any CPU = Release|Any CPU
		Release|ARM = Release|ARM
		Release|iPhone = Release|iPhone
		Release|iPhoneSimulator = Release|iPhoneSimulator
		Release|x64 = Release|x64
		Release|x86 = Release|x86
	EndGlobalSection
	GlobalSection(ProjectConfigurationPlatforms) = postSolution
		{4AFE5D4F-B2BB-43B2-AC3D-8D8F896FD48D}.Ad-Hoc|Any CPU.ActiveCfg = Release|Any CPU
		{4AFE5D4F-B2BB-43B2-AC3D-8D8F896FD48D}.Ad-Hoc|Any CPU.Build.0 = Release|Any CPU
		{4AFE5D4F-B2BB-43B2-AC3D-8D8F896FD48D}.Ad-Hoc|ARM.ActiveCfg = Release|Any CPU
		{4AFE5D4F-B2BB-43B2-AC3D-8D8F896FD48D}.Ad-Hoc|ARM.Build.0 = Release|Any CPU
		{4AFE5D4F-B2BB-43B2-AC3D-8D8F896FD48D}.Ad-Hoc|iPhone.ActiveCfg = Release|Any CPU
		{4AFE5D4F-B2BB-43B2-AC3D-8D8F896FD48D}.Ad-Hoc|iPhone.Build.0 = Release|Any CPU
		{4AFE5D4F-B2BB-43B2-AC3D-8D8F896FD48D}.Ad-Hoc|iPhoneSimulator.ActiveCfg = Release|Any CPU
		{4AFE5D4F-B2BB-43B2-AC3D-8D8F896FD48D}.Ad-Hoc|iPhoneSimulator.Build.0 = Release|Any CPU
		{4AFE5D4F-B2BB-43B2-AC3D-8D8F896FD48D}.Ad-Hoc|x64.ActiveCfg = Release|Any CPU
		{4AFE5D4F-B2BB-43B2-AC3D-8D8F896FD48D}.Ad-Hoc|x64.Build.0 = Release|Any CPU
		{4AFE5D4F-B2BB-43B2-AC3D-8D8F896FD48D}.Ad-Hoc|x86.ActiveCfg = Release|Any CPU
		{4AFE5D4F-B2BB-43B2-AC3D-8D8F896FD48D}.Ad-Hoc|x86.Build.0 = Release|Any CPU
		{4AFE5D4F-B2BB-43B2-AC3D-8D8F896FD48D}.AppStore|Any CPU.ActiveCfg = Release|Any CPU
		{4AFE5D4F-B2BB-43B2-AC3D-8D8F896FD48D}.AppStore|Any CPU.Build.0 = Release|Any CPU
		{4AFE5D4F-B2BB-43B2-AC3D-8D8F896FD48D}.AppStore|ARM.ActiveCfg = Release|Any CPU
		{4AFE5D4F-B2BB-43B2-AC3D-8D8F896FD48D}.AppStore|ARM.Build.0 = Release|Any CPU
		{4AFE5D4F-B2BB-43B2-AC3D-8D8F896FD48D}.AppStore|iPhone.ActiveCfg = Release|Any CPU
		{4AFE5D4F-B2BB-43B2-AC3D-8D8F896FD48D}.AppStore|iPhone.Build.0 = Release|Any CPU
		{4AFE5D4F-B2BB-43B2-AC3D-8D8F896FD48D}.AppStore|iPhoneSimulator.ActiveCfg = Release|Any CPU
		{4AFE5D4F-B2BB-43B2-AC3D-8D8F896FD48D}.AppStore|iPhoneSimulator.Build.0 = Release|Any CPU
		{4AFE5D4F-B2BB-43B2-AC3D-8D8F896FD48D}.AppStore|x64.ActiveCfg = Release|Any CPU
		{4AFE5D4F-B2BB-43B2-AC3D-8D8F896FD48D}.AppStore|x64.Build.0 = Release|Any CPU
		{4AFE5D4F-B2BB-43B2-AC3D-8D8F896FD48D}.AppStore|x86.ActiveCfg = Release|Any CPU
		{4AFE5D4F-B2BB-43B2-AC3D-8D8F896FD48D}.AppStore|x86.Build.0 = Release|Any CPU
		{4AFE5D4F-B2BB-43B2-AC3D-8D8F896FD48D}.Debug|Any CPU.ActiveCfg = Debug|Any CPU
		{4AFE5D4F-B2BB-43B2-AC3D-8D8F896FD48D}.Debug|Any CPU.Build.0 = Debug|Any CPU
		{4AFE5D4F-B2BB-43B2-AC3D-8D8F896FD48D}.Debug|ARM.ActiveCfg = Debug|Any CPU
		{4AFE5D4F-B2BB-43B2-AC3D-8D8F896FD48D}.Debug|ARM.Build.0 = Debug|Any CPU
		{4AFE5D4F-B2BB-43B2-AC3D-8D8F896FD48D}.Debug|iPhone.ActiveCfg = Debug|Any CPU
		{4AFE5D4F-B2BB-43B2-AC3D-8D8F896FD48D}.Debug|iPhone.Build.0 = Debug|Any CPU
		{4AFE5D4F-B2BB-43B2-AC3D-8D8F896FD48D}.Debug|iPhoneSimulator.ActiveCfg = Debug|Any CPU
		{4AFE5D4F-B2BB-43B2-AC3D-8D8F896FD48D}.Debug|iPhoneSimulator.Build.0 = Debug|Any CPU
		{4AFE5D4F-B2BB-43B2-AC3D-8D8F896FD48D}.Debug|x64.ActiveCfg = Debug|Any CPU
		{4AFE5D4F-B2BB-43B2-AC3D-8D8F896FD48D}.Debug|x64.Build.0 = Debug|Any CPU
		{4AFE5D4F-B2BB-43B2-AC3D-8D8F896FD48D}.Debug|x86.ActiveCfg = Debug|Any CPU
		{4AFE5D4F-B2BB-43B2-AC3D-8D8F896FD48D}.Debug|x86.Build.0 = Debug|Any CPU
		{4AFE5D4F-B2BB-43B2-AC3D-8D8F896FD48D}.Release|Any CPU.ActiveCfg = Release|Any CPU
		{4AFE5D4F-B2BB-43B2-AC3D-8D8F896FD48D}.Release|Any CPU.Build.0 = Release|Any CPU
		{4AFE5D4F-B2BB-43B2-AC3D-8D8F896FD48D}.Release|ARM.ActiveCfg = Release|Any CPU
		{4AFE5D4F-B2BB-43B2-AC3D-8D8F896FD48D}.Release|ARM.Build.0 = Release|Any CPU
		{4AFE5D4F-B2BB-43B2-AC3D-8D8F896FD48D}.Release|iPhone.ActiveCfg = Release|Any CPU
		{4AFE5D4F-B2BB-43B2-AC3D-8D8F896FD48D}.Release|iPhone.Build.0 = Release|Any CPU
		{4AFE5D4F-B2BB-43B2-AC3D-8D8F896FD48D}.Release|iPhoneSimulator.ActiveCfg = Release|Any CPU
		{4AFE5D4F-B2BB-43B2-AC3D-8D8F896FD48D}.Release|iPhoneSimulator.Build.0 = Release|Any CPU
		{4AFE5D4F-B2BB-43B2-AC3D-8D8F896FD48D}.Release|x64.ActiveCfg = Release|Any CPU
		{4AFE5D4F-B2BB-43B2-AC3D-8D8F896FD48D}.Release|x64.Build.0 = Release|Any CPU
		{4AFE5D4F-B2BB-43B2-AC3D-8D8F896FD48D}.Release|x86.ActiveCfg = Release|Any CPU
		{4AFE5D4F-B2BB-43B2-AC3D-8D8F896FD48D}.Release|x86.Build.0 = Release|Any CPU
		{DC0B98D9-0B7D-420A-9240-590FABE118CC}.Ad-Hoc|Any CPU.ActiveCfg = Release|Any CPU
		{DC0B98D9-0B7D-420A-9240-590FABE118CC}.Ad-Hoc|Any CPU.Build.0 = Release|Any CPU
		{DC0B98D9-0B7D-420A-9240-590FABE118CC}.Ad-Hoc|Any CPU.Deploy.0 = Release|Any CPU
		{DC0B98D9-0B7D-420A-9240-590FABE118CC}.Ad-Hoc|ARM.ActiveCfg = Release|Any CPU
		{DC0B98D9-0B7D-420A-9240-590FABE118CC}.Ad-Hoc|ARM.Build.0 = Release|Any CPU
		{DC0B98D9-0B7D-420A-9240-590FABE118CC}.Ad-Hoc|ARM.Deploy.0 = Release|Any CPU
		{DC0B98D9-0B7D-420A-9240-590FABE118CC}.Ad-Hoc|iPhone.ActiveCfg = Release|Any CPU
		{DC0B98D9-0B7D-420A-9240-590FABE118CC}.Ad-Hoc|iPhone.Build.0 = Release|Any CPU
		{DC0B98D9-0B7D-420A-9240-590FABE118CC}.Ad-Hoc|iPhone.Deploy.0 = Release|Any CPU
		{DC0B98D9-0B7D-420A-9240-590FABE118CC}.Ad-Hoc|iPhoneSimulator.ActiveCfg = Release|Any CPU
		{DC0B98D9-0B7D-420A-9240-590FABE118CC}.Ad-Hoc|iPhoneSimulator.Build.0 = Release|Any CPU
		{DC0B98D9-0B7D-420A-9240-590FABE118CC}.Ad-Hoc|iPhoneSimulator.Deploy.0 = Release|Any CPU
		{DC0B98D9-0B7D-420A-9240-590FABE118CC}.Ad-Hoc|x64.ActiveCfg = Release|Any CPU
		{DC0B98D9-0B7D-420A-9240-590FABE118CC}.Ad-Hoc|x64.Build.0 = Release|Any CPU
		{DC0B98D9-0B7D-420A-9240-590FABE118CC}.Ad-Hoc|x64.Deploy.0 = Release|Any CPU
		{DC0B98D9-0B7D-420A-9240-590FABE118CC}.Ad-Hoc|x86.ActiveCfg = Release|Any CPU
		{DC0B98D9-0B7D-420A-9240-590FABE118CC}.Ad-Hoc|x86.Build.0 = Release|Any CPU
		{DC0B98D9-0B7D-420A-9240-590FABE118CC}.Ad-Hoc|x86.Deploy.0 = Release|Any CPU
		{DC0B98D9-0B7D-420A-9240-590FABE118CC}.AppStore|Any CPU.ActiveCfg = Release|Any CPU
		{DC0B98D9-0B7D-420A-9240-590FABE118CC}.AppStore|Any CPU.Build.0 = Release|Any CPU
		{DC0B98D9-0B7D-420A-9240-590FABE118CC}.AppStore|Any CPU.Deploy.0 = Release|Any CPU
		{DC0B98D9-0B7D-420A-9240-590FABE118CC}.AppStore|ARM.ActiveCfg = Release|Any CPU
		{DC0B98D9-0B7D-420A-9240-590FABE118CC}.AppStore|ARM.Build.0 = Release|Any CPU
		{DC0B98D9-0B7D-420A-9240-590FABE118CC}.AppStore|ARM.Deploy.0 = Release|Any CPU
		{DC0B98D9-0B7D-420A-9240-590FABE118CC}.AppStore|iPhone.ActiveCfg = Release|Any CPU
		{DC0B98D9-0B7D-420A-9240-590FABE118CC}.AppStore|iPhone.Build.0 = Release|Any CPU
		{DC0B98D9-0B7D-420A-9240-590FABE118CC}.AppStore|iPhone.Deploy.0 = Release|Any CPU
		{DC0B98D9-0B7D-420A-9240-590FABE118CC}.AppStore|iPhoneSimulator.ActiveCfg = Release|Any CPU
		{DC0B98D9-0B7D-420A-9240-590FABE118CC}.AppStore|iPhoneSimulator.Build.0 = Release|Any CPU
		{DC0B98D9-0B7D-420A-9240-590FABE118CC}.AppStore|iPhoneSimulator.Deploy.0 = Release|Any CPU
		{DC0B98D9-0B7D-420A-9240-590FABE118CC}.AppStore|x64.ActiveCfg = Release|Any CPU
		{DC0B98D9-0B7D-420A-9240-590FABE118CC}.AppStore|x64.Build.0 = Release|Any CPU
		{DC0B98D9-0B7D-420A-9240-590FABE118CC}.AppStore|x64.Deploy.0 = Release|Any CPU
		{DC0B98D9-0B7D-420A-9240-590FABE118CC}.AppStore|x86.ActiveCfg = Release|Any CPU
		{DC0B98D9-0B7D-420A-9240-590FABE118CC}.AppStore|x86.Build.0 = Release|Any CPU
		{DC0B98D9-0B7D-420A-9240-590FABE118CC}.AppStore|x86.Deploy.0 = Release|Any CPU
		{DC0B98D9-0B7D-420A-9240-590FABE118CC}.Debug|Any CPU.ActiveCfg = Debug|Any CPU
		{DC0B98D9-0B7D-420A-9240-590FABE118CC}.Debug|Any CPU.Build.0 = Debug|Any CPU
		{DC0B98D9-0B7D-420A-9240-590FABE118CC}.Debug|Any CPU.Deploy.0 = Debug|Any CPU
		{DC0B98D9-0B7D-420A-9240-590FABE118CC}.Debug|ARM.ActiveCfg = Debug|Any CPU
		{DC0B98D9-0B7D-420A-9240-590FABE118CC}.Debug|ARM.Build.0 = Debug|Any CPU
		{DC0B98D9-0B7D-420A-9240-590FABE118CC}.Debug|ARM.Deploy.0 = Debug|Any CPU
		{DC0B98D9-0B7D-420A-9240-590FABE118CC}.Debug|iPhone.ActiveCfg = Debug|Any CPU
		{DC0B98D9-0B7D-420A-9240-590FABE118CC}.Debug|iPhone.Build.0 = Debug|Any CPU
		{DC0B98D9-0B7D-420A-9240-590FABE118CC}.Debug|iPhone.Deploy.0 = Debug|Any CPU
		{DC0B98D9-0B7D-420A-9240-590FABE118CC}.Debug|iPhoneSimulator.ActiveCfg = Debug|Any CPU
		{DC0B98D9-0B7D-420A-9240-590FABE118CC}.Debug|iPhoneSimulator.Build.0 = Debug|Any CPU
		{DC0B98D9-0B7D-420A-9240-590FABE118CC}.Debug|iPhoneSimulator.Deploy.0 = Debug|Any CPU
		{DC0B98D9-0B7D-420A-9240-590FABE118CC}.Debug|x64.ActiveCfg = Debug|Any CPU
		{DC0B98D9-0B7D-420A-9240-590FABE118CC}.Debug|x64.Build.0 = Debug|Any CPU
		{DC0B98D9-0B7D-420A-9240-590FABE118CC}.Debug|x64.Deploy.0 = Debug|Any CPU
		{DC0B98D9-0B7D-420A-9240-590FABE118CC}.Debug|x86.ActiveCfg = Debug|Any CPU
		{DC0B98D9-0B7D-420A-9240-590FABE118CC}.Debug|x86.Build.0 = Debug|Any CPU
		{DC0B98D9-0B7D-420A-9240-590FABE118CC}.Debug|x86.Deploy.0 = Debug|Any CPU
		{DC0B98D9-0B7D-420A-9240-590FABE118CC}.Release|Any CPU.ActiveCfg = Release|Any CPU
		{DC0B98D9-0B7D-420A-9240-590FABE118CC}.Release|Any CPU.Build.0 = Release|Any CPU
		{DC0B98D9-0B7D-420A-9240-590FABE118CC}.Release|Any CPU.Deploy.0 = Release|Any CPU
		{DC0B98D9-0B7D-420A-9240-590FABE118CC}.Release|ARM.ActiveCfg = Release|Any CPU
		{DC0B98D9-0B7D-420A-9240-590FABE118CC}.Release|ARM.Build.0 = Release|Any CPU
		{DC0B98D9-0B7D-420A-9240-590FABE118CC}.Release|ARM.Deploy.0 = Release|Any CPU
		{DC0B98D9-0B7D-420A-9240-590FABE118CC}.Release|iPhone.ActiveCfg = Release|Any CPU
		{DC0B98D9-0B7D-420A-9240-590FABE118CC}.Release|iPhone.Build.0 = Release|Any CPU
		{DC0B98D9-0B7D-420A-9240-590FABE118CC}.Release|iPhone.Deploy.0 = Release|Any CPU
		{DC0B98D9-0B7D-420A-9240-590FABE118CC}.Release|iPhoneSimulator.ActiveCfg = Release|Any CPU
		{DC0B98D9-0B7D-420A-9240-590FABE118CC}.Release|iPhoneSimulator.Build.0 = Release|Any CPU
		{DC0B98D9-0B7D-420A-9240-590FABE118CC}.Release|iPhoneSimulator.Deploy.0 = Release|Any CPU
		{DC0B98D9-0B7D-420A-9240-590FABE118CC}.Release|x64.ActiveCfg = Release|Any CPU
		{DC0B98D9-0B7D-420A-9240-590FABE118CC}.Release|x64.Build.0 = Release|Any CPU
		{DC0B98D9-0B7D-420A-9240-590FABE118CC}.Release|x64.Deploy.0 = Release|Any CPU
		{DC0B98D9-0B7D-420A-9240-590FABE118CC}.Release|x86.ActiveCfg = Release|Any CPU
		{DC0B98D9-0B7D-420A-9240-590FABE118CC}.Release|x86.Build.0 = Release|Any CPU
		{DC0B98D9-0B7D-420A-9240-590FABE118CC}.Release|x86.Deploy.0 = Release|Any CPU
		{AAC9B9C7-596D-4FBC-9878-BD9AB77DBA56}.Ad-Hoc|Any CPU.ActiveCfg = Ad-Hoc|iPhone
		{AAC9B9C7-596D-4FBC-9878-BD9AB77DBA56}.Ad-Hoc|ARM.ActiveCfg = Ad-Hoc|iPhone
		{AAC9B9C7-596D-4FBC-9878-BD9AB77DBA56}.Ad-Hoc|iPhone.ActiveCfg = Ad-Hoc|iPhone
		{AAC9B9C7-596D-4FBC-9878-BD9AB77DBA56}.Ad-Hoc|iPhone.Build.0 = Ad-Hoc|iPhone
		{AAC9B9C7-596D-4FBC-9878-BD9AB77DBA56}.Ad-Hoc|iPhoneSimulator.ActiveCfg = Ad-Hoc|iPhoneSimulator
		{AAC9B9C7-596D-4FBC-9878-BD9AB77DBA56}.Ad-Hoc|iPhoneSimulator.Build.0 = Ad-Hoc|iPhoneSimulator
		{AAC9B9C7-596D-4FBC-9878-BD9AB77DBA56}.Ad-Hoc|x64.ActiveCfg = Ad-Hoc|iPhone
		{AAC9B9C7-596D-4FBC-9878-BD9AB77DBA56}.Ad-Hoc|x86.ActiveCfg = Ad-Hoc|iPhone
		{AAC9B9C7-596D-4FBC-9878-BD9AB77DBA56}.AppStore|Any CPU.ActiveCfg = AppStore|iPhone
		{AAC9B9C7-596D-4FBC-9878-BD9AB77DBA56}.AppStore|ARM.ActiveCfg = AppStore|iPhone
		{AAC9B9C7-596D-4FBC-9878-BD9AB77DBA56}.AppStore|iPhone.ActiveCfg = AppStore|iPhone
		{AAC9B9C7-596D-4FBC-9878-BD9AB77DBA56}.AppStore|iPhone.Build.0 = AppStore|iPhone
		{AAC9B9C7-596D-4FBC-9878-BD9AB77DBA56}.AppStore|iPhoneSimulator.ActiveCfg = AppStore|iPhoneSimulator
		{AAC9B9C7-596D-4FBC-9878-BD9AB77DBA56}.AppStore|iPhoneSimulator.Build.0 = AppStore|iPhoneSimulator
		{AAC9B9C7-596D-4FBC-9878-BD9AB77DBA56}.AppStore|x64.ActiveCfg = AppStore|iPhone
		{AAC9B9C7-596D-4FBC-9878-BD9AB77DBA56}.AppStore|x86.ActiveCfg = AppStore|iPhone
		{AAC9B9C7-596D-4FBC-9878-BD9AB77DBA56}.Debug|Any CPU.ActiveCfg = Debug|iPhone
		{AAC9B9C7-596D-4FBC-9878-BD9AB77DBA56}.Debug|ARM.ActiveCfg = Debug|iPhone
		{AAC9B9C7-596D-4FBC-9878-BD9AB77DBA56}.Debug|iPhone.ActiveCfg = Debug|iPhone
		{AAC9B9C7-596D-4FBC-9878-BD9AB77DBA56}.Debug|iPhone.Build.0 = Debug|iPhone
		{AAC9B9C7-596D-4FBC-9878-BD9AB77DBA56}.Debug|iPhoneSimulator.ActiveCfg = Debug|iPhoneSimulator
		{AAC9B9C7-596D-4FBC-9878-BD9AB77DBA56}.Debug|iPhoneSimulator.Build.0 = Debug|iPhoneSimulator
		{AAC9B9C7-596D-4FBC-9878-BD9AB77DBA56}.Debug|x64.ActiveCfg = Debug|iPhone
		{AAC9B9C7-596D-4FBC-9878-BD9AB77DBA56}.Debug|x86.ActiveCfg = Debug|iPhone
		{AAC9B9C7-596D-4FBC-9878-BD9AB77DBA56}.Release|Any CPU.ActiveCfg = Release|iPhone
		{AAC9B9C7-596D-4FBC-9878-BD9AB77DBA56}.Release|ARM.ActiveCfg = Release|iPhone
		{AAC9B9C7-596D-4FBC-9878-BD9AB77DBA56}.Release|iPhone.ActiveCfg = Release|iPhone
		{AAC9B9C7-596D-4FBC-9878-BD9AB77DBA56}.Release|iPhone.Build.0 = Release|iPhone
		{AAC9B9C7-596D-4FBC-9878-BD9AB77DBA56}.Release|iPhoneSimulator.ActiveCfg = Release|iPhoneSimulator
		{AAC9B9C7-596D-4FBC-9878-BD9AB77DBA56}.Release|iPhoneSimulator.Build.0 = Release|iPhoneSimulator
		{AAC9B9C7-596D-4FBC-9878-BD9AB77DBA56}.Release|x64.ActiveCfg = Release|iPhone
		{AAC9B9C7-596D-4FBC-9878-BD9AB77DBA56}.Release|x86.ActiveCfg = Release|iPhone
		{C24B2041-F095-4850-B87F-D19034752B8D}.Ad-Hoc|Any CPU.ActiveCfg = Release|Any CPU
		{C24B2041-F095-4850-B87F-D19034752B8D}.Ad-Hoc|Any CPU.Build.0 = Release|Any CPU
		{C24B2041-F095-4850-B87F-D19034752B8D}.Ad-Hoc|ARM.ActiveCfg = Release|Any CPU
		{C24B2041-F095-4850-B87F-D19034752B8D}.Ad-Hoc|ARM.Build.0 = Release|Any CPU
		{C24B2041-F095-4850-B87F-D19034752B8D}.Ad-Hoc|iPhone.ActiveCfg = Release|Any CPU
		{C24B2041-F095-4850-B87F-D19034752B8D}.Ad-Hoc|iPhone.Build.0 = Release|Any CPU
		{C24B2041-F095-4850-B87F-D19034752B8D}.Ad-Hoc|iPhoneSimulator.ActiveCfg = Release|Any CPU
		{C24B2041-F095-4850-B87F-D19034752B8D}.Ad-Hoc|iPhoneSimulator.Build.0 = Release|Any CPU
		{C24B2041-F095-4850-B87F-D19034752B8D}.Ad-Hoc|x64.ActiveCfg = Release|Any CPU
		{C24B2041-F095-4850-B87F-D19034752B8D}.Ad-Hoc|x64.Build.0 = Release|Any CPU
		{C24B2041-F095-4850-B87F-D19034752B8D}.Ad-Hoc|x86.ActiveCfg = Release|Any CPU
		{C24B2041-F095-4850-B87F-D19034752B8D}.Ad-Hoc|x86.Build.0 = Release|Any CPU
		{C24B2041-F095-4850-B87F-D19034752B8D}.AppStore|Any CPU.ActiveCfg = Release|Any CPU
		{C24B2041-F095-4850-B87F-D19034752B8D}.AppStore|Any CPU.Build.0 = Release|Any CPU
		{C24B2041-F095-4850-B87F-D19034752B8D}.AppStore|ARM.ActiveCfg = Release|Any CPU
		{C24B2041-F095-4850-B87F-D19034752B8D}.AppStore|ARM.Build.0 = Release|Any CPU
		{C24B2041-F095-4850-B87F-D19034752B8D}.AppStore|iPhone.ActiveCfg = Release|Any CPU
		{C24B2041-F095-4850-B87F-D19034752B8D}.AppStore|iPhone.Build.0 = Release|Any CPU
		{C24B2041-F095-4850-B87F-D19034752B8D}.AppStore|iPhoneSimulator.ActiveCfg = Release|Any CPU
		{C24B2041-F095-4850-B87F-D19034752B8D}.AppStore|iPhoneSimulator.Build.0 = Release|Any CPU
		{C24B2041-F095-4850-B87F-D19034752B8D}.AppStore|x64.ActiveCfg = Release|Any CPU
		{C24B2041-F095-4850-B87F-D19034752B8D}.AppStore|x64.Build.0 = Release|Any CPU
		{C24B2041-F095-4850-B87F-D19034752B8D}.AppStore|x86.ActiveCfg = Release|Any CPU
		{C24B2041-F095-4850-B87F-D19034752B8D}.AppStore|x86.Build.0 = Release|Any CPU
		{C24B2041-F095-4850-B87F-D19034752B8D}.Debug|Any CPU.ActiveCfg = Debug|Any CPU
		{C24B2041-F095-4850-B87F-D19034752B8D}.Debug|Any CPU.Build.0 = Debug|Any CPU
		{C24B2041-F095-4850-B87F-D19034752B8D}.Debug|ARM.ActiveCfg = Debug|Any CPU
		{C24B2041-F095-4850-B87F-D19034752B8D}.Debug|ARM.Build.0 = Debug|Any CPU
		{C24B2041-F095-4850-B87F-D19034752B8D}.Debug|iPhone.ActiveCfg = Debug|Any CPU
		{C24B2041-F095-4850-B87F-D19034752B8D}.Debug|iPhone.Build.0 = Debug|Any CPU
		{C24B2041-F095-4850-B87F-D19034752B8D}.Debug|iPhoneSimulator.ActiveCfg = Debug|Any CPU
		{C24B2041-F095-4850-B87F-D19034752B8D}.Debug|iPhoneSimulator.Build.0 = Debug|Any CPU
		{C24B2041-F095-4850-B87F-D19034752B8D}.Debug|x64.ActiveCfg = Debug|Any CPU
		{C24B2041-F095-4850-B87F-D19034752B8D}.Debug|x64.Build.0 = Debug|Any CPU
		{C24B2041-F095-4850-B87F-D19034752B8D}.Debug|x86.ActiveCfg = Debug|Any CPU
		{C24B2041-F095-4850-B87F-D19034752B8D}.Debug|x86.Build.0 = Debug|Any CPU
		{C24B2041-F095-4850-B87F-D19034752B8D}.Release|Any CPU.ActiveCfg = Release|Any CPU
		{C24B2041-F095-4850-B87F-D19034752B8D}.Release|Any CPU.Build.0 = Release|Any CPU
		{C24B2041-F095-4850-B87F-D19034752B8D}.Release|ARM.ActiveCfg = Release|Any CPU
		{C24B2041-F095-4850-B87F-D19034752B8D}.Release|ARM.Build.0 = Release|Any CPU
		{C24B2041-F095-4850-B87F-D19034752B8D}.Release|iPhone.ActiveCfg = Release|Any CPU
		{C24B2041-F095-4850-B87F-D19034752B8D}.Release|iPhone.Build.0 = Release|Any CPU
		{C24B2041-F095-4850-B87F-D19034752B8D}.Release|iPhoneSimulator.ActiveCfg = Release|Any CPU
		{C24B2041-F095-4850-B87F-D19034752B8D}.Release|iPhoneSimulator.Build.0 = Release|Any CPU
		{C24B2041-F095-4850-B87F-D19034752B8D}.Release|x64.ActiveCfg = Release|Any CPU
		{C24B2041-F095-4850-B87F-D19034752B8D}.Release|x64.Build.0 = Release|Any CPU
		{C24B2041-F095-4850-B87F-D19034752B8D}.Release|x86.ActiveCfg = Release|Any CPU
		{C24B2041-F095-4850-B87F-D19034752B8D}.Release|x86.Build.0 = Release|Any CPU
	EndGlobalSection
	GlobalSection(SolutionProperties) = preSolution
		HideSolutionNode = FALSE
	EndGlobalSection
EndGlobal
